
Microsoft Visual Studio Solution File, Format Version 12.00
# Visual Studio 15
VisualStudioVersion = 15.0.27004.2002
MinimumVisualStudioVersion = 10.0.40219.1
Project("{9A19103F-16F7-4668-BE54-9A1E7A4F7556}") = "DXImageAssemblyImporter", "src\DXImageAssemblyImporter\DXImageAssemblyImporter.csproj", "{E6AE71DA-6E1C-4B1D-B0CC-A87958CF2DD0}"
EndProject
Global
	GlobalSection(SolutionConfigurationPlatforms) = preSolution
		Debug|Any CPU = Debug|Any CPU
		Release|Any CPU = Release|Any CPU
	EndGlobalSection
	GlobalSection(ProjectConfigurationPlatforms) = postSolution
		{E6AE71DA-6E1C-4B1D-B0CC-A87958CF2DD0}.Debug|Any CPU.ActiveCfg = Debug|Any CPU
		{E6AE71DA-6E1C-4B1D-B0CC-A87958CF2DD0}.Debug|Any CPU.Build.0 = Debug|Any CPU
		{E6AE71DA-6E1C-4B1D-B0CC-A87958CF2DD0}.Release|Any CPU.ActiveCfg = Release|Any CPU
		{E6AE71DA-6E1C-4B1D-B0CC-A87958CF2DD0}.Release|Any CPU.Build.0 = Release|Any CPU
	EndGlobalSection
	GlobalSection(SolutionProperties) = preSolution
		HideSolutionNode = FALSE
	EndGlobalSection
	GlobalSection(ExtensibilityGlobals) = postSolution
		SolutionGuid = {BBB92965-0E4C-4389-AB47-79E33877C939}
	EndGlobalSection
EndGlobal
